
Microsoft Visual Studio Solution File, Format Version 12.00
# Visual Studio Version 17
VisualStudioVersion = 17.0.31903.59
MinimumVisualStudioVersion = 10.0.40219.1
Project("{2150E333-8FDC-42A3-9474-1A3956D46DE8}") = "src", "src", "{827E0CD3-B72D-47B6-A68D-7590B98EB39B}"
EndProject
Project("{FAE04EC0-301F-11D3-BF4B-00C04F79EFBC}") = "OrderSubmission.Domain", "src\OrderSubmission.Domain\OrderSubmission.Domain.csproj", "{E79D7E50-756E-4CB2-BFFE-5492965D8B18}"
EndProject
Project("{FAE04EC0-301F-11D3-BF4B-00C04F79EFBC}") = "OrderSubmission.Application", "src\OrderSubmission.Application\OrderSubmission.Application.csproj", "{4EC26E23-09FE-468E-B770-2B2290AC611A}"
EndProject
Project("{FAE04EC0-301F-11D3-BF4B-00C04F79EFBC}") = "OrderSubmission.Infrastructure", "src\OrderSubmission.Infrastructure\OrderSubmission.Infrastructure.csproj", "{41EF1E12-7AC5-4E15-8F18-059CAB6C4D58}"
EndProject
Project("{FAE04EC0-301F-11D3-BF4B-00C04F79EFBC}") = "OrderSubmission.Api", "src\OrderSubmission.Api\OrderSubmission.Api.csproj", "{ECD072E9-4CB7-4A95-AF11-D1672046F101}"
EndProject
Project("{2150E333-8FDC-42A3-9474-1A3956D46DE8}") = "tests", "tests", "{0AB3BF05-4346-4AA6-1389-037BE0695223}"
EndProject
Project("{FAE04EC0-301F-11D3-BF4B-00C04F79EFBC}") = "OrderSubmission.Domain.UnitTests", "tests\OrderSubmission.Domain.UnitTests\OrderSubmission.Domain.UnitTests.csproj", "{F41F0CF6-80ED-430B-830C-CC6A621E8E04}"
EndProject
Project("{FAE04EC0-301F-11D3-BF4B-00C04F79EFBC}") = "OrderSubmission.Application.UnitTests", "tests\OrderSubmission.Application.UnitTests\OrderSubmission.Application.UnitTests.csproj", "{E347E603-B3F7-4DB8-A289-86F02CE3EA1D}"
EndProject
Project("{FAE04EC0-301F-11D3-BF4B-00C04F79EFBC}") = "OrderSubmission.Api.IntegrationTests", "tests\OrderSubmission.Api.IntegrationTests\OrderSubmission.Api.IntegrationTests.csproj", "{1718A163-688E-4C78-981C-A47B1D1AFB6D}"
EndProject
Global
	GlobalSection(SolutionConfigurationPlatforms) = preSolution
		Debug|Any CPU = Debug|Any CPU
		Debug|x64 = Debug|x64
		Debug|x86 = Debug|x86
		Release|Any CPU = Release|Any CPU
		Release|x64 = Release|x64
		Release|x86 = Release|x86
	EndGlobalSection
	GlobalSection(ProjectConfigurationPlatforms) = postSolution
		{E79D7E50-756E-4CB2-BFFE-5492965D8B18}.Debug|Any CPU.ActiveCfg = Debug|Any CPU
		{E79D7E50-756E-4CB2-BFFE-5492965D8B18}.Debug|Any CPU.Build.0 = Debug|Any CPU
		{E79D7E50-756E-4CB2-BFFE-5492965D8B18}.Debug|x64.ActiveCfg = Debug|Any CPU
		{E79D7E50-756E-4CB2-BFFE-5492965D8B18}.Debug|x64.Build.0 = Debug|Any CPU
		{E79D7E50-756E-4CB2-BFFE-5492965D8B18}.Debug|x86.ActiveCfg = Debug|Any CPU
		{E79D7E50-756E-4CB2-BFFE-5492965D8B18}.Debug|x86.Build.0 = Debug|Any CPU
		{E79D7E50-756E-4CB2-BFFE-5492965D8B18}.Release|Any CPU.ActiveCfg = Release|Any CPU
		{E79D7E50-756E-4CB2-BFFE-5492965D8B18}.Release|Any CPU.Build.0 = Release|Any CPU
		{E79D7E50-756E-4CB2-BFFE-5492965D8B18}.Release|x64.ActiveCfg = Release|Any CPU
		{E79D7E50-756E-4CB2-BFFE-5492965D8B18}.Release|x64.Build.0 = Release|Any CPU
		{E79D7E50-756E-4CB2-BFFE-5492965D8B18}.Release|x86.ActiveCfg = Release|Any CPU
		{E79D7E50-756E-4CB2-BFFE-5492965D8B18}.Release|x86.Build.0 = Release|Any CPU
		{4EC26E23-09FE-468E-B770-2B2290AC611A}.Debug|Any CPU.ActiveCfg = Debug|Any CPU
		{4EC26E23-09FE-468E-B770-2B2290AC611A}.Debug|Any CPU.Build.0 = Debug|Any CPU
		{4EC26E23-09FE-468E-B770-2B2290AC611A}.Debug|x64.ActiveCfg = Debug|Any CPU
		{4EC26E23-09FE-468E-B770-2B2290AC611A}.Debug|x64.Build.0 = Debug|Any CPU
		{4EC26E23-09FE-468E-B770-2B2290AC611A}.Debug|x86.ActiveCfg = Debug|Any CPU
		{4EC26E23-09FE-468E-B770-2B2290AC611A}.Debug|x86.Build.0 = Debug|Any CPU
		{4EC26E23-09FE-468E-B770-2B2290AC611A}.Release|Any CPU.ActiveCfg = Release|Any CPU
		{4EC26E23-09FE-468E-B770-2B2290AC611A}.Release|Any CPU.Build.0 = Release|Any CPU
		{4EC26E23-09FE-468E-B770-2B2290AC611A}.Release|x64.ActiveCfg = Release|Any CPU
		{4EC26E23-09FE-468E-B770-2B2290AC611A}.Release|x64.Build.0 = Release|Any CPU
		{4EC26E23-09FE-468E-B770-2B2290AC611A}.Release|x86.ActiveCfg = Release|Any CPU
		{4EC26E23-09FE-468E-B770-2B2290AC611A}.Release|x86.Build.0 = Release|Any CPU
		{41EF1E12-7AC5-4E15-8F18-059CAB6C4D58}.Debug|Any CPU.ActiveCfg = Debug|Any CPU
		{41EF1E12-7AC5-4E15-8F18-059CAB6C4D58}.Debug|Any CPU.Build.0 = Debug|Any CPU
		{41EF1E12-7AC5-4E15-8F18-059CAB6C4D58}.Debug|x64.ActiveCfg = Debug|Any CPU
		{41EF1E12-7AC5-4E15-8F18-059CAB6C4D58}.Debug|x64.Build.0 = Debug|Any CPU
		{41EF1E12-7AC5-4E15-8F18-059CAB6C4D58}.Debug|x86.ActiveCfg = Debug|Any CPU
		{41EF1E12-7AC5-4E15-8F18-059CAB6C4D58}.Debug|x86.Build.0 = Debug|Any CPU
		{41EF1E12-7AC5-4E15-8F18-059CAB6C4D58}.Release|Any CPU.ActiveCfg = Release|Any CPU
		{41EF1E12-7AC5-4E15-8F18-059CAB6C4D58}.Release|Any CPU.Build.0 = Release|Any CPU
		{41EF1E12-7AC5-4E15-8F18-059CAB6C4D58}.Release|x64.ActiveCfg = Release|Any CPU
		{41EF1E12-7AC5-4E15-8F18-059CAB6C4D58}.Release|x64.Build.0 = Release|Any CPU
		{41EF1E12-7AC5-4E15-8F18-059CAB6C4D58}.Release|x86.ActiveCfg = Release|Any CPU
		{41EF1E12-7AC5-4E15-8F18-059CAB6C4D58}.Release|x86.Build.0 = Release|Any CPU
		{ECD072E9-4CB7-4A95-AF11-D1672046F101}.Debug|Any CPU.ActiveCfg = Debug|Any CPU
		{ECD072E9-4CB7-4A95-AF11-D1672046F101}.Debug|Any CPU.Build.0 = Debug|Any CPU
		{ECD072E9-4CB7-4A95-AF11-D1672046F101}.Debug|x64.ActiveCfg = Debug|Any CPU
		{ECD072E9-4CB7-4A95-AF11-D1672046F101}.Debug|x64.Build.0 = Debug|Any CPU
		{ECD072E9-4CB7-4A95-AF11-D1672046F101}.Debug|x86.ActiveCfg = Debug|Any CPU
		{ECD072E9-4CB7-4A95-AF11-D1672046F101}.Debug|x86.Build.0 = Debug|Any CPU
		{ECD072E9-4CB7-4A95-AF11-D1672046F101}.Release|Any CPU.ActiveCfg = Release|Any CPU
		{ECD072E9-4CB7-4A95-AF11-D1672046F101}.Release|Any CPU.Build.0 = Release|Any CPU
		{ECD072E9-4CB7-4A95-AF11-D1672046F101}.Release|x64.ActiveCfg = Release|Any CPU
		{ECD072E9-4CB7-4A95-AF11-D1672046F101}.Release|x64.Build.0 = Release|Any CPU
		{ECD072E9-4CB7-4A95-AF11-D1672046F101}.Release|x86.ActiveCfg = Release|Any CPU
		{ECD072E9-4CB7-4A95-AF11-D1672046F101}.Release|x86.Build.0 = Release|Any CPU
		{F41F0CF6-80ED-430B-830C-CC6A621E8E04}.Debug|Any CPU.ActiveCfg = Debug|Any CPU
		{F41F0CF6-80ED-430B-830C-CC6A621E8E04}.Debug|Any CPU.Build.0 = Debug|Any CPU
		{F41F0CF6-80ED-430B-830C-CC6A621E8E04}.Debug|x64.ActiveCfg = Debug|Any CPU
		{F41F0CF6-80ED-430B-830C-CC6A621E8E04}.Debug|x64.Build.0 = Debug|Any CPU
		{F41F0CF6-80ED-430B-830C-CC6A621E8E04}.Debug|x86.ActiveCfg = Debug|Any CPU
		{F41F0CF6-80ED-430B-830C-CC6A621E8E04}.Debug|x86.Build.0 = Debug|Any CPU
		{F41F0CF6-80ED-430B-830C-CC6A621E8E04}.Release|Any CPU.ActiveCfg = Release|Any CPU
		{F41F0CF6-80ED-430B-830C-CC6A621E8E04}.Release|Any CPU.Build.0 = Release|Any CPU
		{F41F0CF6-80ED-430B-830C-CC6A621E8E04}.Release|x64.ActiveCfg = Release|Any CPU
		{F41F0CF6-80ED-430B-830C-CC6A621E8E04}.Release|x64.Build.0 = Release|Any CPU
		{F41F0CF6-80ED-430B-830C-CC6A621E8E04}.Release|x86.ActiveCfg = Release|Any CPU
		{F41F0CF6-80ED-430B-830C-CC6A621E8E04}.Release|x86.Build.0 = Release|Any CPU
		{E347E603-B3F7-4DB8-A289-86F02CE3EA1D}.Debug|Any CPU.ActiveCfg = Debug|Any CPU
		{E347E603-B3F7-4DB8-A289-86F02CE3EA1D}.Debug|Any CPU.Build.0 = Debug|Any CPU
		{E347E603-B3F7-4DB8-A289-86F02CE3EA1D}.Debug|x64.ActiveCfg = Debug|Any CPU
		{E347E603-B3F7-4DB8-A289-86F02CE3EA1D}.Debug|x64.Build.0 = Debug|Any CPU
		{E347E603-B3F7-4DB8-A289-86F02CE3EA1D}.Debug|x86.ActiveCfg = Debug|Any CPU
		{E347E603-B3F7-4DB8-A289-86F02CE3EA1D}.Debug|x86.Build.0 = Debug|Any CPU
		{E347E603-B3F7-4DB8-A289-86F02CE3EA1D}.Release|Any CPU.ActiveCfg = Release|Any CPU
		{E347E603-B3F7-4DB8-A289-86F02CE3EA1D}.Release|Any CPU.Build.0 = Release|Any CPU
		{E347E603-B3F7-4DB8-A289-86F02CE3EA1D}.Release|x64.ActiveCfg = Release|Any CPU
		{E347E603-B3F7-4DB8-A289-86F02CE3EA1D}.Release|x64.Build.0 = Release|Any CPU
		{E347E603-B3F7-4DB8-A289-86F02CE3EA1D}.Release|x86.ActiveCfg = Release|Any CPU
		{E347E603-B3F7-4DB8-A289-86F02CE3EA1D}.Release|x86.Build.0 = Release|Any CPU
		{1718A163-688E-4C78-981C-A47B1D1AFB6D}.Debug|Any CPU.ActiveCfg = Debug|Any CPU
		{1718A163-688E-4C78-981C-A47B1D1AFB6D}.Debug|Any CPU.Build.0 = Debug|Any CPU
		{1718A163-688E-4C78-981C-A47B1D1AFB6D}.Debug|x64.ActiveCfg = Debug|Any CPU
		{1718A163-688E-4C78-981C-A47B1D1AFB6D}.Debug|x64.Build.0 = Debug|Any CPU
		{1718A163-688E-4C78-981C-A47B1D1AFB6D}.Debug|x86.ActiveCfg = Debug|Any CPU
		{1718A163-688E-4C78-981C-A47B1D1AFB6D}.Debug|x86.Build.0 = Debug|Any CPU
		{1718A163-688E-4C78-981C-A47B1D1AFB6D}.Release|Any CPU.ActiveCfg = Release|Any CPU
		{1718A163-688E-4C78-981C-A47B1D1AFB6D}.Release|Any CPU.Build.0 = Release|Any CPU
		{1718A163-688E-4C78-981C-A47B1D1AFB6D}.Release|x64.ActiveCfg = Release|Any CPU
		{1718A163-688E-4C78-981C-A47B1D1AFB6D}.Release|x64.Build.0 = Release|Any CPU
		{1718A163-688E-4C78-981C-A47B1D1AFB6D}.Release|x86.ActiveCfg = Release|Any CPU
		{1718A163-688E-4C78-981C-A47B1D1AFB6D}.Release|x86.Build.0 = Release|Any CPU
	EndGlobalSection
	GlobalSection(SolutionProperties) = preSolution
		HideSolutionNode = FALSE
	EndGlobalSection
	GlobalSection(NestedProjects) = preSolution
		{E79D7E50-756E-4CB2-BFFE-5492965D8B18} = {827E0CD3-B72D-47B6-A68D-7590B98EB39B}
		{4EC26E23-09FE-468E-B770-2B2290AC611A} = {827E0CD3-B72D-47B6-A68D-7590B98EB39B}
		{41EF1E12-7AC5-4E15-8F18-059CAB6C4D58} = {827E0CD3-B72D-47B6-A68D-7590B98EB39B}
		{ECD072E9-4CB7-4A95-AF11-D1672046F101} = {827E0CD3-B72D-47B6-A68D-7590B98EB39B}
		{F41F0CF6-80ED-430B-830C-CC6A621E8E04} = {0AB3BF05-4346-4AA6-1389-037BE0695223}
		{E347E603-B3F7-4DB8-A289-86F02CE3EA1D} = {0AB3BF05-4346-4AA6-1389-037BE0695223}
		{1718A163-688E-4C78-981C-A47B1D1AFB6D} = {0AB3BF05-4346-4AA6-1389-037BE0695223}
	EndGlobalSection
EndGlobal
